
Microsoft Visual Studio Solution File, Format Version 12.00
# Visual Studio Version 17
VisualStudioVersion = 17.11.35222.181
MinimumVisualStudioVersion = 10.0.40219.1
Project("{FAE04EC0-301F-11D3-BF4B-00C04F79EFBC}") = "RewardsSharePointIntegration", "RewardsSharePointIntegration\RewardsSharePointIntegration.csproj", "{2526064A-62B8-4B64-9B0C-5B3FF7AAADBC}"
EndProject
Global
	GlobalSection(SolutionConfigurationPlatforms) = preSolution
		Debug|Any CPU = Debug|Any CPU
		Release|Any CPU = Release|Any CPU
	EndGlobalSection
	GlobalSection(ProjectConfigurationPlatforms) = postSolution
		{2526064A-62B8-4B64-9B0C-5B3FF7AAADBC}.Debug|Any CPU.ActiveCfg = Debug|Any CPU
		{2526064A-62B8-4B64-9B0C-5B3FF7AAADBC}.Debug|Any CPU.Build.0 = Debug|Any CPU
		{2526064A-62B8-4B64-9B0C-5B3FF7AAADBC}.Release|Any CPU.ActiveCfg = Release|Any CPU
		{2526064A-62B8-4B64-9B0C-5B3FF7AAADBC}.Release|Any CPU.Build.0 = Release|Any CPU
	EndGlobalSection
	GlobalSection(SolutionProperties) = preSolution
		HideSolutionNode = FALSE
	EndGlobalSection
	GlobalSection(ExtensibilityGlobals) = postSolution
		SolutionGuid = {D4A1B483-8712-40BD-BF35-1E95F5AD42BF}
	EndGlobalSection
EndGlobal
